
Microsoft Visual Studio Solution File, Format Version 12.00
# Visual Studio Version 16
VisualStudioVersion = 16.0.29728.190
MinimumVisualStudioVersion = 10.0.40219.1
Project("{FAE04EC0-301F-11D3-BF4B-00C04F79EFBC}") = "Snake2", "Snake2\Snake2.csproj", "{21CFE32F-25AE-4B45-BEF4-77B2EF3646AF}"
EndProject
Global
	GlobalSection(SolutionConfigurationPlatforms) = preSolution
		Debug|Any CPU = Debug|Any CPU
		Release|Any CPU = Release|Any CPU
	EndGlobalSection
	GlobalSection(ProjectConfigurationPlatforms) = postSolution
		{21CFE32F-25AE-4B45-BEF4-77B2EF3646AF}.Debug|Any CPU.ActiveCfg = Debug|Any CPU
		{21CFE32F-25AE-4B45-BEF4-77B2EF3646AF}.Debug|Any CPU.Build.0 = Debug|Any CPU
		{21CFE32F-25AE-4B45-BEF4-77B2EF3646AF}.Release|Any CPU.ActiveCfg = Release|Any CPU
		{21CFE32F-25AE-4B45-BEF4-77B2EF3646AF}.Release|Any CPU.Build.0 = Release|Any CPU
	EndGlobalSection
	GlobalSection(SolutionProperties) = preSolution
		HideSolutionNode = FALSE
	EndGlobalSection
	GlobalSection(ExtensibilityGlobals) = postSolution
		SolutionGuid = {A4839F43-28E9-4829-84A8-38C28795CF0D}
	EndGlobalSection
EndGlobal
